
Microsoft Visual Studio Solution File, Format Version 12.00
# Visual Studio Version 17
VisualStudioVersion = 17.5.33530.505
MinimumVisualStudioVersion = 10.0.40219.1
Project("{FAE04EC0-301F-11D3-BF4B-00C04F79EFBC}") = "StudentViewModel", "StudentViewModel.csproj", "{057E7184-20F9-4A85-9487-C880714CC390}"
EndProject
Global
	GlobalSection(SolutionConfigurationPlatforms) = preSolution
		Debug|Any CPU = Debug|Any CPU
		Release|Any CPU = Release|Any CPU
	EndGlobalSection
	GlobalSection(ProjectConfigurationPlatforms) = postSolution
		{057E7184-20F9-4A85-9487-C880714CC390}.Debug|Any CPU.ActiveCfg = Debug|Any CPU
		{057E7184-20F9-4A85-9487-C880714CC390}.Debug|Any CPU.Build.0 = Debug|Any CPU
		{057E7184-20F9-4A85-9487-C880714CC390}.Release|Any CPU.ActiveCfg = Release|Any CPU
		{057E7184-20F9-4A85-9487-C880714CC390}.Release|Any CPU.Build.0 = Release|Any CPU
	EndGlobalSection
	GlobalSection(SolutionProperties) = preSolution
		HideSolutionNode = FALSE
	EndGlobalSection
	GlobalSection(ExtensibilityGlobals) = postSolution
		SolutionGuid = {090CC808-4040-4454-A3E1-6D6C24F95995}
	EndGlobalSection
EndGlobal
